{
  "name": "prd-driven-dev",
  "version": "1.0.0",
  "lockfileVersion": 3,
  "requires": true,
  "packages": {
    "": {
      "name": "prd-driven-dev",
      "version": "1.0.0",
      "license": "MIT",
      "dependencies": {
        "prd-driven-dev": "^1.0.0"
      },
      "bin": {
        "pdd": "bin/pdd.js"
      },
      "engines": {
        "node": ">=14.0.0"
      }
    },
    "node_modules/prd-driven-dev": {
      "version": "1.0.0",
      "resolved": "https://registry.npmjs.org/prd-driven-dev/-/prd-driven-dev-1.0.0.tgz",
      "integrity": "sha512-j68EG5nGV3yMm45lGXh1nb8IftbIJSWK1CUc5UPo3RX1Doje1R9eWj+IIjk6KSKalU0whxBOVi94ZdWfrQtCiQ==",
      "license": "MIT",
      "bin": {
        "pdd": "bin/pdd.js"
      },
      "engines": {
        "node": ">=14.0.0"
      }
    }
  }
}
